{
  "version": 4,
  "terraform_version": "1.5.7",
  "serial": 105,
  "lineage": "e0ff4e06-3c65-2945-8729-9ef63a91c302",
  "outputs": {
    "external_ip_address_nodes": {
      "value": {
        "node-0": "51.250.93.193",
        "node-1": "158.160.85.216",
        "node-2": "158.160.163.34"
      },
      "type": [
        "object",
        {
          "node-0": "string",
          "node-1": "string",
          "node-2": "string"
        }
      ]
    },
    "internal_ip_address_nodes": {
      "value": {
        "node-0": "10.10.1.22",
        "node-1": "10.10.2.11",
        "node-2": "10.10.3.17"
      },
      "type": [
        "object",
        {
          "node-0": "string",
          "node-1": "string",
          "node-2": "string"
        }
      ]
    }
  },
  "resources": [
    {
      "mode": "managed",
      "type": "yandex_compute_instance",
      "name": "cluster-k8s",
      "provider": "provider[\"registry.terraform.io/yandex-cloud/yandex\"]",
      "instances": [
        {
          "index_key": 0,
          "schema_version": 1,
          "attributes": {
            "allow_recreate": null,
            "allow_stopping_for_update": true,
            "boot_disk": [
              {
                "auto_delete": true,
                "device_name": "fhmuneegbqaal6cfnbqb",
                "disk_id": "fhmuneegbqaal6cfnbqb",
                "initialize_params": [
                  {
                    "block_size": 4096,
                    "description": "",
                    "image_id": "fd852pbtueis1q0pbt4o",
                    "name": "",
                    "size": 20,
                    "snapshot_id": "",
                    "type": "network-ssd"
                  }
                ],
                "mode": "READ_WRITE"
              }
            ],
            "created_at": "2024-04-14T10:21:29Z",
            "description": "",
            "filesystem": [],
            "folder_id": "b1gleu995pjjtd5eficp",
            "fqdn": "node-0.ru-central1.internal",
            "gpu_cluster_id": "",
            "hostname": "node-0",
            "id": "fhm20locsj13bdsa9v30",
            "labels": {
              "index": "0"
            },
            "local_disk": [],
            "maintenance_grace_period": "",
            "maintenance_policy": null,
            "metadata": {
              "ssh-keys": "ubuntu:ssh-rsa AAAAB3NzaC1yc2EAAAADAQABAAABgQDnVPy9sCWSsoXvjMbPGcazVIqtntXmCu7RCeRNxRwKuocD8YinOwFdHiyECRjTcP4BrY7IakXYm1kAIp5xi8ZMTjxlnRqEePn4NMTGpIQyfx0BPR6IDrYkDKjqzqVIlD9wBRwaYAAoSOvzT1gxDHhLP3Ef4aYMJRpm7WCpO2Lj0LpK8vkNxv4kPZII0BJj3X6+D94cEbRJ4Y/zsIe6Aqp8Rn+0xWl+8XRQM1Qmc6ahcRVFWEiCLF7wslwJhhdLStti+hbcfdlhXGdh1Wj6vFy4dcw/+apIiy4Vg9usiUJZaB2fDvrcDAj/zeuuNJEYCIbadLOTrg/JFEZkJvlQfLRQJx1lXGpUXHjliXrnnx7newSvsX8Puz+WhNTYYgfK+E3LqXe8u6Ox0MdAlNYo+h53U5n8UkIEBzlue2F+4Ku90klc8QBfasIbjh0e6uTCEI21BknZPdTB4/8Yjk3HQFxAsQGLDKS5F4vOU8iwYYMrFD7RpsOrPsYgfV1BDGLIWTM= root@debianv\n"
            },
            "metadata_options": [
              {
                "aws_v1_http_endpoint": 1,
                "aws_v1_http_token": 2,
                "gce_http_endpoint": 1,
                "gce_http_token": 1
              }
            ],
            "name": "node-0",
            "network_acceleration_type": "standard",
            "network_interface": [
              {
                "dns_record": [],
                "index": 0,
                "ip_address": "10.10.1.22",
                "ipv4": true,
                "ipv6": false,
                "ipv6_address": "",
                "ipv6_dns_record": [],
                "mac_address": "d0:0d:20:57:0c:e4",
                "nat": true,
                "nat_dns_record": [],
                "nat_ip_address": "51.250.93.193",
                "nat_ip_version": "IPV4",
                "security_group_ids": [],
                "subnet_id": "e9b85ls8v5d08rd12a2b"
              }
            ],
            "placement_policy": [
              {
                "host_affinity_rules": [],
                "placement_group_id": "",
                "placement_group_partition": 0
              }
            ],
            "platform_id": "standard-v2",
            "resources": [
              {
                "core_fraction": 100,
                "cores": 4,
                "gpus": 0,
                "memory": 4
              }
            ],
            "scheduling_policy": [
              {
                "preemptible": true
              }
            ],
            "secondary_disk": [],
            "service_account_id": "",
            "status": "running",
            "timeouts": null,
            "zone": "ru-central1-a"
          },
          "sensitive_attributes": [],
          "private": "eyJlMmJmYjczMC1lY2FhLTExZTYtOGY4OC0zNDM2M2JjN2M0YzAiOnsiY3JlYXRlIjozMDAwMDAwMDAwMDAsImRlbGV0ZSI6MzAwMDAwMDAwMDAwLCJ1cGRhdGUiOjMwMDAwMDAwMDAwMH0sInNjaGVtYV92ZXJzaW9uIjoiMSJ9",
          "dependencies": [
            "yandex_vpc_network.subnet-zones",
            "yandex_vpc_subnet.subnet-zones"
          ]
        },
        {
          "index_key": 1,
          "schema_version": 1,
          "attributes": {
            "allow_recreate": null,
            "allow_stopping_for_update": true,
            "boot_disk": [
              {
                "auto_delete": true,
                "device_name": "epd1rfkf0no84aijoum1",
                "disk_id": "epd1rfkf0no84aijoum1",
                "initialize_params": [
                  {
                    "block_size": 4096,
                    "description": "",
                    "image_id": "fd852pbtueis1q0pbt4o",
                    "name": "",
                    "size": 20,
                    "snapshot_id": "",
                    "type": "network-ssd"
                  }
                ],
                "mode": "READ_WRITE"
              }
            ],
            "created_at": "2024-04-14T10:21:29Z",
            "description": "",
            "filesystem": [],
            "folder_id": "b1gleu995pjjtd5eficp",
            "fqdn": "node-1.ru-central1.internal",
            "gpu_cluster_id": "",
            "hostname": "node-1",
            "id": "epd1te2ritfmu3rhm0kv",
            "labels": {
              "index": "1"
            },
            "local_disk": [],
            "maintenance_grace_period": "",
            "maintenance_policy": null,
            "metadata": {
              "ssh-keys": "ubuntu:ssh-rsa AAAAB3NzaC1yc2EAAAADAQABAAABgQDnVPy9sCWSsoXvjMbPGcazVIqtntXmCu7RCeRNxRwKuocD8YinOwFdHiyECRjTcP4BrY7IakXYm1kAIp5xi8ZMTjxlnRqEePn4NMTGpIQyfx0BPR6IDrYkDKjqzqVIlD9wBRwaYAAoSOvzT1gxDHhLP3Ef4aYMJRpm7WCpO2Lj0LpK8vkNxv4kPZII0BJj3X6+D94cEbRJ4Y/zsIe6Aqp8Rn+0xWl+8XRQM1Qmc6ahcRVFWEiCLF7wslwJhhdLStti+hbcfdlhXGdh1Wj6vFy4dcw/+apIiy4Vg9usiUJZaB2fDvrcDAj/zeuuNJEYCIbadLOTrg/JFEZkJvlQfLRQJx1lXGpUXHjliXrnnx7newSvsX8Puz+WhNTYYgfK+E3LqXe8u6Ox0MdAlNYo+h53U5n8UkIEBzlue2F+4Ku90klc8QBfasIbjh0e6uTCEI21BknZPdTB4/8Yjk3HQFxAsQGLDKS5F4vOU8iwYYMrFD7RpsOrPsYgfV1BDGLIWTM= root@debianv\n"
            },
            "metadata_options": [
              {
                "aws_v1_http_endpoint": 1,
                "aws_v1_http_token": 2,
                "gce_http_endpoint": 1,
                "gce_http_token": 1
              }
            ],
            "name": "node-1",
            "network_acceleration_type": "standard",
            "network_interface": [
              {
                "dns_record": [],
                "index": 0,
                "ip_address": "10.10.2.11",
                "ipv4": true,
                "ipv6": false,
                "ipv6_address": "",
                "ipv6_dns_record": [],
                "mac_address": "d0:0d:1e:b8:5b:97",
                "nat": true,
                "nat_dns_record": [],
                "nat_ip_address": "158.160.85.216",
                "nat_ip_version": "IPV4",
                "security_group_ids": [],
                "subnet_id": "e2l7v1q610buj8mdiu5s"
              }
            ],
            "placement_policy": [
              {
                "host_affinity_rules": [],
                "placement_group_id": "",
                "placement_group_partition": 0
              }
            ],
            "platform_id": "standard-v2",
            "resources": [
              {
                "core_fraction": 100,
                "cores": 4,
                "gpus": 0,
                "memory": 4
              }
            ],
            "scheduling_policy": [
              {
                "preemptible": true
              }
            ],
            "secondary_disk": [],
            "service_account_id": "",
            "status": "running",
            "timeouts": null,
            "zone": "ru-central1-b"
          },
          "sensitive_attributes": [],
          "private": "eyJlMmJmYjczMC1lY2FhLTExZTYtOGY4OC0zNDM2M2JjN2M0YzAiOnsiY3JlYXRlIjozMDAwMDAwMDAwMDAsImRlbGV0ZSI6MzAwMDAwMDAwMDAwLCJ1cGRhdGUiOjMwMDAwMDAwMDAwMH0sInNjaGVtYV92ZXJzaW9uIjoiMSJ9",
          "dependencies": [
            "yandex_vpc_network.subnet-zones",
            "yandex_vpc_subnet.subnet-zones"
          ]
        },
        {
          "index_key": 2,
          "schema_version": 1,
          "attributes": {
            "allow_recreate": null,
            "allow_stopping_for_update": true,
            "boot_disk": [
              {
                "auto_delete": true,
                "device_name": "fv4tsk40qfneh892g4af",
                "disk_id": "fv4tsk40qfneh892g4af",
                "initialize_params": [
                  {
                    "block_size": 4096,
                    "description": "",
                    "image_id": "fd852pbtueis1q0pbt4o",
                    "name": "",
                    "size": 20,
                    "snapshot_id": "",
                    "type": "network-ssd"
                  }
                ],
                "mode": "READ_WRITE"
              }
            ],
            "created_at": "2024-04-14T10:21:29Z",
            "description": "",
            "filesystem": [],
            "folder_id": "b1gleu995pjjtd5eficp",
            "fqdn": "node-2.ru-central1.internal",
            "gpu_cluster_id": "",
            "hostname": "node-2",
            "id": "fv4eaqo5r5irpvchdv9u",
            "labels": {
              "index": "2"
            },
            "local_disk": [],
            "maintenance_grace_period": "",
            "maintenance_policy": null,
            "metadata": {
              "ssh-keys": "ubuntu:ssh-rsa AAAAB3NzaC1yc2EAAAADAQABAAABgQDnVPy9sCWSsoXvjMbPGcazVIqtntXmCu7RCeRNxRwKuocD8YinOwFdHiyECRjTcP4BrY7IakXYm1kAIp5xi8ZMTjxlnRqEePn4NMTGpIQyfx0BPR6IDrYkDKjqzqVIlD9wBRwaYAAoSOvzT1gxDHhLP3Ef4aYMJRpm7WCpO2Lj0LpK8vkNxv4kPZII0BJj3X6+D94cEbRJ4Y/zsIe6Aqp8Rn+0xWl+8XRQM1Qmc6ahcRVFWEiCLF7wslwJhhdLStti+hbcfdlhXGdh1Wj6vFy4dcw/+apIiy4Vg9usiUJZaB2fDvrcDAj/zeuuNJEYCIbadLOTrg/JFEZkJvlQfLRQJx1lXGpUXHjliXrnnx7newSvsX8Puz+WhNTYYgfK+E3LqXe8u6Ox0MdAlNYo+h53U5n8UkIEBzlue2F+4Ku90klc8QBfasIbjh0e6uTCEI21BknZPdTB4/8Yjk3HQFxAsQGLDKS5F4vOU8iwYYMrFD7RpsOrPsYgfV1BDGLIWTM= root@debianv\n"
            },
            "metadata_options": [
              {
                "aws_v1_http_endpoint": 1,
                "aws_v1_http_token": 2,
                "gce_http_endpoint": 1,
                "gce_http_token": 1
              }
            ],
            "name": "node-2",
            "network_acceleration_type": "standard",
            "network_interface": [
              {
                "dns_record": [],
                "index": 0,
                "ip_address": "10.10.3.17",
                "ipv4": true,
                "ipv6": false,
                "ipv6_address": "",
                "ipv6_dns_record": [],
                "mac_address": "d0:0d:e5:6b:05:d9",
                "nat": true,
                "nat_dns_record": [],
                "nat_ip_address": "158.160.163.34",
                "nat_ip_version": "IPV4",
                "security_group_ids": [],
                "subnet_id": "fl8cj54vcm559upvc28b"
              }
            ],
            "placement_policy": [
              {
                "host_affinity_rules": [],
                "placement_group_id": "",
                "placement_group_partition": 0
              }
            ],
            "platform_id": "standard-v2",
            "resources": [
              {
                "core_fraction": 100,
                "cores": 4,
                "gpus": 0,
                "memory": 4
              }
            ],
            "scheduling_policy": [
              {
                "preemptible": true
              }
            ],
            "secondary_disk": [],
            "service_account_id": "",
            "status": "running",
            "timeouts": null,
            "zone": "ru-central1-d"
          },
          "sensitive_attributes": [],
          "private": "eyJlMmJmYjczMC1lY2FhLTExZTYtOGY4OC0zNDM2M2JjN2M0YzAiOnsiY3JlYXRlIjozMDAwMDAwMDAwMDAsImRlbGV0ZSI6MzAwMDAwMDAwMDAwLCJ1cGRhdGUiOjMwMDAwMDAwMDAwMH0sInNjaGVtYV92ZXJzaW9uIjoiMSJ9",
          "dependencies": [
            "yandex_vpc_network.subnet-zones",
            "yandex_vpc_subnet.subnet-zones"
          ]
        }
      ]
    },
    {
      "mode": "managed",
      "type": "yandex_iam_service_account",
      "name": "sa-terraform",
      "provider": "provider[\"registry.terraform.io/yandex-cloud/yandex\"]",
      "instances": [
        {
          "schema_version": 0,
          "attributes": {
            "created_at": "2024-04-14T10:21:24Z",
            "description": "",
            "folder_id": "b1gleu995pjjtd5eficp",
            "id": "ajepf915i227dggm84hd",
            "name": "sa-terraform",
            "timeouts": null
          },
          "sensitive_attributes": [],
          "private": "eyJlMmJmYjczMC1lY2FhLTExZTYtOGY4OC0zNDM2M2JjN2M0YzAiOnsiY3JlYXRlIjo2MDAwMDAwMDAwMCwiZGVsZXRlIjo2MDAwMDAwMDAwMCwidXBkYXRlIjo2MDAwMDAwMDAwMH19"
        }
      ]
    },
    {
      "mode": "managed",
      "type": "yandex_iam_service_account_static_access_key",
      "name": "sa-static-key",
      "provider": "provider[\"registry.terraform.io/yandex-cloud/yandex\"]",
      "instances": [
        {
          "schema_version": 0,
          "attributes": {
            "access_key": "YCAJEMg5T2gLT2q4Xi-K7-7Vg",
            "created_at": "2024-04-14T10:21:25Z",
            "description": "static access key",
            "encrypted_secret_key": null,
            "id": "ajejmso9550ivnje2dm7",
            "key_fingerprint": null,
            "pgp_key": null,
            "secret_key": "YCPrUrk8d8UL6YEDPV8UF76ZYA21i2KGjvMC8hd-",
            "service_account_id": "ajepf915i227dggm84hd"
          },
          "sensitive_attributes": [],
          "private": "bnVsbA==",
          "dependencies": [
            "yandex_iam_service_account.sa-terraform"
          ]
        }
      ]
    },
    {
      "mode": "managed",
      "type": "yandex_lb_network_load_balancer",
      "name": "k8s-lb",
      "provider": "provider[\"registry.terraform.io/yandex-cloud/yandex\"]",
      "instances": [
        {
          "schema_version": 0,
          "attributes": {
            "attached_target_group": [
              {
                "healthcheck": [
                  {
                    "healthy_threshold": 2,
                    "http_options": [
                      {
                        "path": "/login",
                        "port": 30090
                      }
                    ],
                    "interval": 2,
                    "name": "http",
                    "tcp_options": [],
                    "timeout": 1,
                    "unhealthy_threshold": 2
                  }
                ],
                "target_group_id": "enpvpvq14v82971rqhtr"
              }
            ],
            "created_at": "2024-04-14T10:22:36Z",
            "deletion_protection": false,
            "description": "",
            "folder_id": "b1gleu995pjjtd5eficp",
            "id": "enpr6mh914v49qr07t6v",
            "labels": null,
            "listener": [
              {
                "external_address_spec": [
                  {
                    "address": "158.160.159.176",
                    "ip_version": "ipv4"
                  }
                ],
                "internal_address_spec": [],
                "name": "app-listener",
                "port": 80,
                "protocol": "tcp",
                "target_port": 30880
              },
              {
                "external_address_spec": [
                  {
                    "address": "158.160.159.176",
                    "ip_version": "ipv4"
                  }
                ],
                "internal_address_spec": [],
                "name": "grafana-listener",
                "port": 3000,
                "protocol": "tcp",
                "target_port": 30090
              },
              {
                "external_address_spec": [
                  {
                    "address": "158.160.159.176",
                    "ip_version": "ipv4"
                  }
                ],
                "internal_address_spec": [],
                "name": "jenkins-listener",
                "port": 8080,
                "protocol": "tcp",
                "target_port": 32000
              }
            ],
            "name": "default-k8s-lb",
            "region_id": "ru-central1",
            "timeouts": null,
            "type": "external"
          },
          "sensitive_attributes": [],
          "private": "eyJlMmJmYjczMC1lY2FhLTExZTYtOGY4OC0zNDM2M2JjN2M0YzAiOnsiY3JlYXRlIjozMDAwMDAwMDAwMDAsImRlbGV0ZSI6MzAwMDAwMDAwMDAwLCJ1cGRhdGUiOjMwMDAwMDAwMDAwMH19",
          "dependencies": [
            "yandex_compute_instance.cluster-k8s",
            "yandex_lb_target_group.k8s_lb_tg",
            "yandex_vpc_network.subnet-zones",
            "yandex_vpc_subnet.subnet-zones"
          ]
        }
      ]
    },
    {
      "mode": "managed",
      "type": "yandex_lb_target_group",
      "name": "k8s_lb_tg",
      "provider": "provider[\"registry.terraform.io/yandex-cloud/yandex\"]",
      "instances": [
        {
          "schema_version": 0,
          "attributes": {
            "created_at": "2024-04-14T10:22:35Z",
            "description": "",
            "folder_id": "b1gleu995pjjtd5eficp",
            "id": "enpvpvq14v82971rqhtr",
            "labels": null,
            "name": "default-k8s-tg",
            "region_id": "ru-central1",
            "target": [
              {
                "address": "10.10.1.22",
                "subnet_id": "e9b85ls8v5d08rd12a2b"
              },
              {
                "address": "10.10.2.11",
                "subnet_id": "e2l7v1q610buj8mdiu5s"
              },
              {
                "address": "10.10.3.17",
                "subnet_id": "fl8cj54vcm559upvc28b"
              }
            ],
            "timeouts": null
          },
          "sensitive_attributes": [],
          "private": "eyJlMmJmYjczMC1lY2FhLTExZTYtOGY4OC0zNDM2M2JjN2M0YzAiOnsiY3JlYXRlIjozMDAwMDAwMDAwMDAsImRlbGV0ZSI6MzAwMDAwMDAwMDAwLCJ1cGRhdGUiOjMwMDAwMDAwMDAwMH19",
          "dependencies": [
            "yandex_compute_instance.cluster-k8s",
            "yandex_vpc_network.subnet-zones",
            "yandex_vpc_subnet.subnet-zones"
          ]
        }
      ]
    },
    {
      "mode": "managed",
      "type": "yandex_resourcemanager_folder_iam_member",
      "name": "terraform-editor",
      "provider": "provider[\"registry.terraform.io/yandex-cloud/yandex\"]",
      "instances": [
        {
          "schema_version": 0,
          "attributes": {
            "folder_id": "b1gleu995pjjtd5eficp",
            "id": "b1gleu995pjjtd5eficp/editor/serviceAccount:ajepf915i227dggm84hd",
            "member": "serviceAccount:ajepf915i227dggm84hd",
            "role": "editor",
            "sleep_after": null,
            "timeouts": null
          },
          "sensitive_attributes": [],
          "private": "eyJlMmJmYjczMC1lY2FhLTExZTYtOGY4OC0zNDM2M2JjN2M0YzAiOnsiY3JlYXRlIjo2MDAwMDAwMDAwMCwiZGVmYXVsdCI6NjAwMDAwMDAwMDAsImRlbGV0ZSI6NjAwMDAwMDAwMDAsInJlYWQiOjYwMDAwMDAwMDAwLCJ1cGRhdGUiOjYwMDAwMDAwMDAwfX0=",
          "dependencies": [
            "yandex_iam_service_account.sa-terraform"
          ]
        }
      ]
    },
    {
      "mode": "managed",
      "type": "yandex_storage_bucket",
      "name": "netology-bucketz",
      "provider": "provider[\"registry.terraform.io/yandex-cloud/yandex\"]",
      "instances": [
        {
          "schema_version": 1,
          "attributes": {
            "access_key": "YCAJEMg5T2gLT2q4Xi-K7-7Vg",
            "acl": "private",
            "anonymous_access_flags": [
              {
                "config_read": false,
                "list": false,
                "read": false
              }
            ],
            "bucket": "zatulik-netology-bucket",
            "bucket_domain_name": "zatulik-netology-bucket.storage.yandexcloud.net",
            "bucket_prefix": null,
            "cors_rule": [],
            "default_storage_class": "STANDARD",
            "folder_id": "b1gleu995pjjtd5eficp",
            "force_destroy": true,
            "grant": [],
            "https": [],
            "id": "zatulik-netology-bucket",
            "lifecycle_rule": [],
            "logging": [],
            "max_size": 0,
            "object_lock_configuration": [],
            "policy": "",
            "secret_key": "YCPrUrk8d8UL6YEDPV8UF76ZYA21i2KGjvMC8hd-",
            "server_side_encryption_configuration": [],
            "tags": null,
            "versioning": [
              {
                "enabled": false
              }
            ],
            "website": [],
            "website_domain": null,
            "website_endpoint": null
          },
          "sensitive_attributes": [
            [
              {
                "type": "get_attr",
                "value": "secret_key"
              }
            ]
          ],
          "private": "eyJzY2hlbWFfdmVyc2lvbiI6IjEifQ==",
          "dependencies": [
            "yandex_iam_service_account.sa-terraform",
            "yandex_iam_service_account_static_access_key.sa-static-key"
          ]
        }
      ]
    },
    {
      "mode": "managed",
      "type": "yandex_vpc_network",
      "name": "subnet-zones",
      "provider": "provider[\"registry.terraform.io/yandex-cloud/yandex\"]",
      "instances": [
        {
          "schema_version": 0,
          "attributes": {
            "created_at": "2024-04-14T10:21:24Z",
            "default_security_group_id": "enpa1br266cu39eif3sr",
            "description": "",
            "folder_id": "b1gleu995pjjtd5eficp",
            "id": "enpcpv2hnubdmtl8qirg",
            "labels": {},
            "name": "net",
            "subnet_ids": [],
            "timeouts": null
          },
          "sensitive_attributes": [],
          "private": "eyJlMmJmYjczMC1lY2FhLTExZTYtOGY4OC0zNDM2M2JjN2M0YzAiOnsiY3JlYXRlIjo2MDAwMDAwMDAwMCwiZGVsZXRlIjo2MDAwMDAwMDAwMCwidXBkYXRlIjo2MDAwMDAwMDAwMH19"
        }
      ]
    },
    {
      "mode": "managed",
      "type": "yandex_vpc_subnet",
      "name": "subnet-zones",
      "provider": "provider[\"registry.terraform.io/yandex-cloud/yandex\"]",
      "instances": [
        {
          "index_key": 0,
          "schema_version": 0,
          "attributes": {
            "created_at": "2024-04-14T10:21:27Z",
            "description": "",
            "dhcp_options": [],
            "folder_id": "b1gleu995pjjtd5eficp",
            "id": "e9b85ls8v5d08rd12a2b",
            "labels": {},
            "name": "subnet-ru-central1-a",
            "network_id": "enpcpv2hnubdmtl8qirg",
            "route_table_id": "",
            "timeouts": null,
            "v4_cidr_blocks": [
              "10.10.1.0/24"
            ],
            "v6_cidr_blocks": [],
            "zone": "ru-central1-a"
          },
          "sensitive_attributes": [],
          "private": "eyJlMmJmYjczMC1lY2FhLTExZTYtOGY4OC0zNDM2M2JjN2M0YzAiOnsiY3JlYXRlIjoxODAwMDAwMDAwMDAsImRlbGV0ZSI6MTgwMDAwMDAwMDAwLCJ1cGRhdGUiOjE4MDAwMDAwMDAwMH19",
          "dependencies": [
            "yandex_vpc_network.subnet-zones"
          ]
        },
        {
          "index_key": 1,
          "schema_version": 0,
          "attributes": {
            "created_at": "2024-04-14T10:21:28Z",
            "description": "",
            "dhcp_options": [],
            "folder_id": "b1gleu995pjjtd5eficp",
            "id": "e2l7v1q610buj8mdiu5s",
            "labels": {},
            "name": "subnet-ru-central1-b",
            "network_id": "enpcpv2hnubdmtl8qirg",
            "route_table_id": "",
            "timeouts": null,
            "v4_cidr_blocks": [
              "10.10.2.0/24"
            ],
            "v6_cidr_blocks": [],
            "zone": "ru-central1-b"
          },
          "sensitive_attributes": [],
          "private": "eyJlMmJmYjczMC1lY2FhLTExZTYtOGY4OC0zNDM2M2JjN2M0YzAiOnsiY3JlYXRlIjoxODAwMDAwMDAwMDAsImRlbGV0ZSI6MTgwMDAwMDAwMDAwLCJ1cGRhdGUiOjE4MDAwMDAwMDAwMH19",
          "dependencies": [
            "yandex_vpc_network.subnet-zones"
          ]
        },
        {
          "index_key": 2,
          "schema_version": 0,
          "attributes": {
            "created_at": "2024-04-14T10:21:26Z",
            "description": "",
            "dhcp_options": [],
            "folder_id": "b1gleu995pjjtd5eficp",
            "id": "fl8cj54vcm559upvc28b",
            "labels": {},
            "name": "subnet-ru-central1-d",
            "network_id": "enpcpv2hnubdmtl8qirg",
            "route_table_id": "",
            "timeouts": null,
            "v4_cidr_blocks": [
              "10.10.3.0/24"
            ],
            "v6_cidr_blocks": [],
            "zone": "ru-central1-d"
          },
          "sensitive_attributes": [],
          "private": "eyJlMmJmYjczMC1lY2FhLTExZTYtOGY4OC0zNDM2M2JjN2M0YzAiOnsiY3JlYXRlIjoxODAwMDAwMDAwMDAsImRlbGV0ZSI6MTgwMDAwMDAwMDAwLCJ1cGRhdGUiOjE4MDAwMDAwMDAwMH19",
          "dependencies": [
            "yandex_vpc_network.subnet-zones"
          ]
        }
      ]
    }
  ],
  "check_results": null
}
